
Microsoft Visual Studio Solution File, Format Version 12.00
# Visual Studio Version 16
VisualStudioVersion = 16.0.31624.102
MinimumVisualStudioVersion = 10.0.40219.1
Project("{FAE04EC0-301F-11D3-BF4B-00C04F79EFBC}") = "ConsoleApp2", "ConsoleApp2\ConsoleApp2.csproj", "{7531FF1E-CB05-48EF-869D-4980AB072826}"
EndProject
Global
	GlobalSection(SolutionConfigurationPlatforms) = preSolution
		Debug|Any CPU = Debug|Any CPU
		Release|Any CPU = Release|Any CPU
	EndGlobalSection
	GlobalSection(ProjectConfigurationPlatforms) = postSolution
		{7531FF1E-CB05-48EF-869D-4980AB072826}.Debug|Any CPU.ActiveCfg = Debug|Any CPU
		{7531FF1E-CB05-48EF-869D-4980AB072826}.Debug|Any CPU.Build.0 = Debug|Any CPU
		{7531FF1E-CB05-48EF-869D-4980AB072826}.Release|Any CPU.ActiveCfg = Release|Any CPU
		{7531FF1E-CB05-48EF-869D-4980AB072826}.Release|Any CPU.Build.0 = Release|Any CPU
	EndGlobalSection
	GlobalSection(SolutionProperties) = preSolution
		HideSolutionNode = FALSE
	EndGlobalSection
	GlobalSection(ExtensibilityGlobals) = postSolution
		SolutionGuid = {3920204C-A501-414E-98B5-24E95446FF19}
	EndGlobalSection
EndGlobal
